# THIS IS AN AUTOGENERATED FILE. DO NOT EDIT THIS FILE DIRECTLY.
# yarn lockfile v1


"@ant-design/colors@^6.0.0":
  version "6.0.0"
  resolved "https://registry.nlark.com/@ant-design/colors/download/@ant-design/colors-6.0.0.tgz#9b9366257cffcc47db42b9d0203bb592c13c0298"
  integrity sha1-m5NmJXz/zEfbQrnQIDu1ksE8Apg=
  dependencies:
    "@ctrl/tinycolor" "^3.4.0"

"@ant-design/icons-svg@^4.0.0":
  version "4.1.0"
  resolved "https://registry.npm.taobao.org/@ant-design/icons-svg/download/@ant-design/icons-svg-4.1.0.tgz#480b025f4b20ef7fe8f47d4a4846e4fee84ea06c"
  integrity sha1-SAsCX0sg73/o9H1KSEbk/uhOoGw=

"@ant-design/icons@^4.6.3":
  version "4.6.4"
  resolved "https://registry.nlark.com/@ant-design/icons/download/@ant-design/icons-4.6.4.tgz#21b037dbb90ee1bb7c632cca057006e57d992fd9"
  integrity sha1-IbA327kO4bt8YyzKBXAG5X2ZL9k=
  dependencies:
    "@ant-design/colors" "^6.0.0"
    "@ant-design/icons-svg" "^4.0.0"
    "@babel/runtime" "^7.11.2"
    classnames "^2.2.6"
    rc-util "^5.9.4"

"@ant-design/react-slick@~0.28.1":
  version "0.28.4"
  resolved "https://registry.nlark.com/@ant-design/react-slick/download/@ant-design/react-slick-0.28.4.tgz?cache=0&sync_timestamp=1629256314194&other_urls=https%3A%2F%2Fregistry.nlark.com%2F%40ant-design%2Freact-slick%2Fdownload%2F%40ant-design%2Freact-slick-0.28.4.tgz#8b296b87ad7c7ae877f2a527b81b7eebd9dd29a9"
  integrity sha1-iylrh618euh38qUnuBt+69ndKak=
  dependencies:
    "@babel/runtime" "^7.10.4"
    classnames "^2.2.5"
    json2mq "^0.2.0"
    lodash "^4.17.21"
    resize-observer-polyfill "^1.5.0"

"@babel/runtime@^7.10.1", "@babel/runtime@^7.10.2", "@babel/runtime@^7.10.4", "@babel/runtime@^7.11.1", "@babel/runtime@^7.11.2", "@babel/runtime@^7.12.5", "@babel/runtime@^7.8.4":
  version "7.15.4"
  resolved "https://registry.nlark.com/@babel/runtime/download/@babel/runtime-7.15.4.tgz?cache=0&sync_timestamp=1630618785994&other_urls=https%3A%2F%2Fregistry.nlark.com%2F%40babel%2Fruntime%2Fdownload%2F%40babel%2Fruntime-7.15.4.tgz#fd17d16bfdf878e6dd02d19753a39fa8a8d9c84a"
  integrity sha1-/RfRa/34eObdAtGXU6OfqKjZyEo=
  dependencies:
    regenerator-runtime "^0.13.4"

"@cloudwise-fe/chart-panel@1.3.5":
  version "1.3.5"
  resolved "http://10.2.2.38/@cloudwise-fe%2fchart-panel/-/chart-panel-1.3.5.tgz#9d0610c23d18cb8fce51059cc85a7b554362e87e"
  integrity sha512-WQ+wVuS8xxQZyxXgv/epZX70mEgcheA91vVcq7i+J0umlI7GL2z5gIPW15JqPITAM9LzKocGPDnpOm3nb+Y4tg==
  dependencies:
    "@ant-design/icons" "^4.6.3"
    antd "^4.16.12"
    brace "^0.11.1"
    classnames "^2.3.1"
    highlight.js "^11.2.0"
    js-beautify "^1.14.0"
    lodash.merge "^4.6.2"
    react-ace "7.0.5"
    react-color "^2.19.3"
    react-copy-to-clipboard "^5.0.4"
    react-linear-gradient-picker "^2.0.0"

"@ctrl/tinycolor@^3.4.0":
  version "3.4.0"
  resolved "https://registry.nlark.com/@ctrl/tinycolor/download/@ctrl/tinycolor-3.4.0.tgz#c3c5ae543c897caa9c2a68630bed355be5f9990f"
  integrity sha1-w8WuVDyJfKqcKmhjC+01W+X5mQ8=

"@icons/material@^0.2.4":
  version "0.2.4"
  resolved "https://registry.npm.taobao.org/@icons/material/download/@icons/material-0.2.4.tgz#e90c9f71768b3736e76d7dd6783fc6c2afa88bc8"
  integrity sha1-6QyfcXaLNzbnbX3WeD/Gwq+oi8g=

abbrev@1:
  version "1.1.1"
  resolved "https://registry.nlark.com/abbrev/download/abbrev-1.1.1.tgz#f8f2c887ad10bf67f634f005b6987fed3179aac8"
  integrity sha1-+PLIh60Qv2f2NPAFtph/7TF5qsg=

antd@^4.16.12:
  version "4.16.13"
  resolved "https://registry.nlark.com/antd/download/antd-4.16.13.tgz#e9b9b4a590db28747aae1cab98981649a35880af"
  integrity sha1-6bm0pZDbKHR6rhyrmJgWSaNYgK8=
  dependencies:
    "@ant-design/colors" "^6.0.0"
    "@ant-design/icons" "^4.6.3"
    "@ant-design/react-slick" "~0.28.1"
    "@babel/runtime" "^7.12.5"
    array-tree-filter "^2.1.0"
    classnames "^2.2.6"
    copy-to-clipboard "^3.2.0"
    lodash "^4.17.21"
    moment "^2.25.3"
    rc-cascader "~1.4.0"
    rc-checkbox "~2.3.0"
    rc-collapse "~3.1.0"
    rc-dialog "~8.6.0"
    rc-drawer "~4.3.0"
    rc-dropdown "~3.2.0"
    rc-field-form "~1.20.0"
    rc-image "~5.2.5"
    rc-input-number "~7.1.0"
    rc-mentions "~1.6.1"
    rc-menu "~9.0.12"
    rc-motion "^2.4.0"
    rc-notification "~4.5.7"
    rc-pagination "~3.1.9"
    rc-picker "~2.5.10"
    rc-progress "~3.1.0"
    rc-rate "~2.9.0"
    rc-resize-observer "^1.0.0"
    rc-select "~12.1.6"
    rc-slider "~9.7.1"
    rc-steps "~4.1.0"
    rc-switch "~3.2.0"
    rc-table "~7.15.1"
    rc-tabs "~11.10.0"
    rc-textarea "~0.3.0"
    rc-tooltip "~5.1.1"
    rc-tree "~4.2.1"
    rc-tree-select "~4.3.0"
    rc-trigger "^5.2.10"
    rc-upload "~4.3.0"
    rc-util "^5.13.1"
    scroll-into-view-if-needed "^2.2.25"

array-tree-filter@^2.1.0:
  version "2.1.0"
  resolved "https://registry.nlark.com/array-tree-filter/download/array-tree-filter-2.1.0.tgz#873ac00fec83749f255ac8dd083814b4f6329190"
  integrity sha1-hzrAD+yDdJ8lWsjdCDgUtPYykZA=

async-validator@^3.0.3:
  version "3.5.2"
  resolved "https://registry.nlark.com/async-validator/download/async-validator-3.5.2.tgz#68e866a96824e8b2694ff7a831c1a25c44d5e500"
  integrity sha1-aOhmqWgk6LJpT/eoMcGiXETV5QA=

balanced-match@^1.0.0:
  version "1.0.2"
  resolved "https://registry.nlark.com/balanced-match/download/balanced-match-1.0.2.tgz#e83e3a7e3f300b34cb9d87f615fa0cbf357690ee"
  integrity sha1-6D46fj8wCzTLnYf2FfoMvzV2kO4=

brace-expansion@^1.1.7:
  version "1.1.11"
  resolved "https://registry.npm.taobao.org/brace-expansion/download/brace-expansion-1.1.11.tgz?cache=0&sync_timestamp=1614010713935&other_urls=https%3A%2F%2Fregistry.npm.taobao.org%2Fbrace-expansion%2Fdownload%2Fbrace-expansion-1.1.11.tgz#3c7fcbf529d87226f3d2f52b966ff5271eb441dd"
  integrity sha1-PH/L9SnYcibz0vUrlm/1Jx60Qd0=
  dependencies:
    balanced-match "^1.0.0"
    concat-map "0.0.1"

brace@^0.11.1:
  version "0.11.1"
  resolved "https://registry.nlark.com/brace/download/brace-0.11.1.tgz#4896fcc9d544eef45f4bb7660db320d3b379fe58"
  integrity sha1-SJb8ydVE7vRfS7dmDbMg07N5/lg=

classnames@2.x, classnames@^2.2.1, classnames@^2.2.3, classnames@^2.2.5, classnames@^2.2.6, classnames@^2.3.1:
  version "2.3.1"
  resolved "https://registry.nlark.com/classnames/download/classnames-2.3.1.tgz#dfcfa3891e306ec1dad105d0e88f4417b8535e8e"
  integrity sha1-38+jiR4wbsHa0QXQ6I9EF7hTXo4=

commander@^2.19.0:
  version "2.20.3"
  resolved "https://registry.nlark.com/commander/download/commander-2.20.3.tgz#fd485e84c03eb4881c20722ba48035e8531aeb33"
  integrity sha1-/UhehMA+tIgcIHIrpIA16FMa6zM=

compute-scroll-into-view@^1.0.17:
  version "1.0.17"
  resolved "https://registry.nlark.com/compute-scroll-into-view/download/compute-scroll-into-view-1.0.17.tgz#6a88f18acd9d42e9cf4baa6bec7e0522607ab7ab"
  integrity sha1-aojxis2dQunPS6pr7H4FImB6t6s=

concat-map@0.0.1:
  version "0.0.1"
  resolved "https://registry.nlark.com/concat-map/download/concat-map-0.0.1.tgz#d8a96bd77fd68df7793a73036a3ba0d5405d477b"
  integrity sha1-2Klr13/Wjfd5OnMDajug1UBdR3s=

config-chain@^1.1.12:
  version "1.1.13"
  resolved "https://registry.nlark.com/config-chain/download/config-chain-1.1.13.tgz#fad0795aa6a6cdaff9ed1b68e9dff94372c232f4"
  integrity sha1-+tB5Wqamza/57Rto6d/5Q3LCMvQ=
  dependencies:
    ini "^1.3.4"
    proto-list "~1.2.1"

copy-to-clipboard@^3, copy-to-clipboard@^3.2.0:
  version "3.3.1"
  resolved "https://registry.nlark.com/copy-to-clipboard/download/copy-to-clipboard-3.3.1.tgz?cache=0&sync_timestamp=1624607975240&other_urls=https%3A%2F%2Fregistry.nlark.com%2Fcopy-to-clipboard%2Fdownload%2Fcopy-to-clipboard-3.3.1.tgz#115aa1a9998ffab6196f93076ad6da3b913662ae"
  integrity sha1-EVqhqZmP+rYZb5MHatbaO5E2Yq4=
  dependencies:
    toggle-selection "^1.0.6"

date-fns@2.x:
  version "2.24.0"
  resolved "https://registry.nlark.com/date-fns/download/date-fns-2.24.0.tgz?cache=0&sync_timestamp=1631857313480&other_urls=https%3A%2F%2Fregistry.nlark.com%2Fdate-fns%2Fdownload%2Fdate-fns-2.24.0.tgz#7d86dc0d93c87b76b63d213b4413337cfd1c105d"
  integrity sha1-fYbcDZPIe3a2PSE7RBMzfP0cEF0=

dayjs@1.x:
  version "1.10.7"
  resolved "https://registry.nlark.com/dayjs/download/dayjs-1.10.7.tgz#2cf5f91add28116748440866a0a1d26f3a6ce468"
  integrity sha1-LPX5Gt0oEWdIRAhmoKHSbzps5Gg=

diff-match-patch@^1.0.4:
  version "1.0.5"
  resolved "https://registry.nlark.com/diff-match-patch/download/diff-match-patch-1.0.5.tgz#abb584d5f10cd1196dfc55aa03701592ae3f7b37"
  integrity sha1-q7WE1fEM0Rlt/FWqA3AVkq4/ezc=

dom-align@^1.7.0:
  version "1.12.2"
  resolved "https://registry.nlark.com/dom-align/download/dom-align-1.12.2.tgz#0f8164ebd0c9c21b0c790310493cd855892acd4b"
  integrity sha1-D4Fk69DJwhsMeQMQSTzYVYkqzUs=

echarts-liquidfill@^2.0.6:
  version "2.0.6"
  resolved "https://registry.nlark.com/echarts-liquidfill/download/echarts-liquidfill-2.0.6.tgz#0668dc61d87a6262003090bd32c55aa8108c252e"
  integrity sha1-BmjcYdh6YmIAMJC9MsVaqBCMJS4=

echarts@^4.9.0:
  version "4.9.0"
  resolved "https://registry.nlark.com/echarts/download/echarts-4.9.0.tgz?cache=0&sync_timestamp=1630472181626&other_urls=https%3A%2F%2Fregistry.nlark.com%2Fecharts%2Fdownload%2Fecharts-4.9.0.tgz#a9b9baa03f03a2a731e6340c55befb57a9e1347d"
  integrity sha1-qbm6oD8Doqcx5jQMVb77V6nhNH0=
  dependencies:
    zrender "4.3.2"

editorconfig@^0.15.3:
  version "0.15.3"
  resolved "https://registry.npm.taobao.org/editorconfig/download/editorconfig-0.15.3.tgz#bef84c4e75fb8dcb0ce5cee8efd51c15999befc5"
  integrity sha1-vvhMTnX7jcsM5c7o79UcFZmb78U=
  dependencies:
    commander "^2.19.0"
    lru-cache "^4.1.5"
    semver "^5.6.0"
    sigmund "^1.0.1"

fs.realpath@^1.0.0:
  version "1.0.0"
  resolved "https://registry.nlark.com/fs.realpath/download/fs.realpath-1.0.0.tgz#1504ad2523158caa40db4a2787cb01411994ea4f"
  integrity sha1-FQStJSMVjKpA20onh8sBQRmU6k8=

glob@^7.1.3:
  version "7.1.7"
  resolved "https://registry.nlark.com/glob/download/glob-7.1.7.tgz?cache=0&other_urls=https%3A%2F%2Fregistry.nlark.com%2Fglob%2Fdownload%2Fglob-7.1.7.tgz#3b193e9233f01d42d0b3f78294bbeeb418f94a90"
  integrity sha1-Oxk+kjPwHULQs/eClLvutBj5SpA=
  dependencies:
    fs.realpath "^1.0.0"
    inflight "^1.0.4"
    inherits "2"
    minimatch "^3.0.4"
    once "^1.3.0"
    path-is-absolute "^1.0.0"

highlight.js@^11.2.0:
  version "11.2.0"
  resolved "https://registry.nlark.com/highlight.js/download/highlight.js-11.2.0.tgz#a7e3b8c1fdc4f0538b93b2dc2ddd53a40c6ab0f0"
  integrity sha1-p+O4wf3E8FOLk7LcLd1TpAxqsPA=

inflight@^1.0.4:
  version "1.0.6"
  resolved "https://registry.npm.taobao.org/inflight/download/inflight-1.0.6.tgz#49bd6331d7d02d0c09bc910a1075ba8165b56df9"
  integrity sha1-Sb1jMdfQLQwJvJEKEHW6gWW1bfk=
  dependencies:
    once "^1.3.0"
    wrappy "1"

inherits@2:
  version "2.0.4"
  resolved "https://registry.npm.taobao.org/inherits/download/inherits-2.0.4.tgz#0fa2c64f932917c3433a0ded55363aae37416b7c"
  integrity sha1-D6LGT5MpF8NDOg3tVTY6rjdBa3w=

ini@^1.3.4:
  version "1.3.8"
  resolved "https://registry.npm.taobao.org/ini/download/ini-1.3.8.tgz?cache=0&sync_timestamp=1607907788001&other_urls=https%3A%2F%2Fregistry.npm.taobao.org%2Fini%2Fdownload%2Fini-1.3.8.tgz#a29da425b48806f34767a4efce397269af28432c"
  integrity sha1-op2kJbSIBvNHZ6Tvzjlyaa8oQyw=

js-beautify@^1.14.0:
  version "1.14.0"
  resolved "https://registry.nlark.com/js-beautify/download/js-beautify-1.14.0.tgz#2ce790c555d53ce1e3d7363227acf5dc69024c2d"
  integrity sha1-LOeQxVXVPOHj1zYyJ6z13GkCTC0=
  dependencies:
    config-chain "^1.1.12"
    editorconfig "^0.15.3"
    glob "^7.1.3"
    nopt "^5.0.0"

"js-tokens@^3.0.0 || ^4.0.0":
  version "4.0.0"
  resolved "https://registry.nlark.com/js-tokens/download/js-tokens-4.0.0.tgz#19203fb59991df98e3a287050d4647cdeaf32499"
  integrity sha1-GSA/tZmR35jjoocFDUZHzerzJJk=

json2mq@^0.2.0:
  version "0.2.0"
  resolved "https://registry.nlark.com/json2mq/download/json2mq-0.2.0.tgz#b637bd3ba9eabe122c83e9720483aeb10d2c904a"
  integrity sha1-tje9O6nqvhIsg+lyBIOusQ0skEo=
  dependencies:
    string-convert "^0.2.0"

linear-gradient-parser@^1.1.8:
  version "1.1.8"
  resolved "https://registry.nlark.com/linear-gradient-parser/download/linear-gradient-parser-1.1.8.tgz#a226445b023863c93411c6f889a7f0c065dce06a"
  integrity sha1-oiZEWwI4Y8k0Ecb4iafwwGXc4Go=

lodash-es@^4.17.15:
  version "4.17.21"
  resolved "https://registry.npm.taobao.org/lodash-es/download/lodash-es-4.17.21.tgz?cache=0&sync_timestamp=1613836838613&other_urls=https%3A%2F%2Fregistry.npm.taobao.org%2Flodash-es%2Fdownload%2Flodash-es-4.17.21.tgz#43e626c46e6591b7750beb2b50117390c609e3ee"
  integrity sha1-Q+YmxG5lkbd1C+srUBFzkMYJ4+4=

lodash.get@^4.4.2:
  version "4.4.2"
  resolved "https://registry.nlark.com/lodash.get/download/lodash.get-4.4.2.tgz#2d177f652fa31e939b4438d5341499dfa3825e99"
  integrity sha1-LRd/ZS+jHpObRDjVNBSZ36OCXpk=

lodash.isequal@^4.5.0:
  version "4.5.0"
  resolved "https://registry.npm.taobao.org/lodash.isequal/download/lodash.isequal-4.5.0.tgz#415c4478f2bcc30120c22ce10ed3226f7d3e18e0"
  integrity sha1-QVxEePK8wwEgwizhDtMib30+GOA=

lodash.merge@^4.6.2:
  version "4.6.2"
  resolved "https://registry.npm.taobao.org/lodash.merge/download/lodash.merge-4.6.2.tgz#558aa53b43b661e1925a0afdfa36a9a1085fe57a"
  integrity sha1-VYqlO0O2YeGSWgr9+japoQhf5Xo=

lodash@^4.0.1, lodash@^4.17.15, lodash@^4.17.21:
  version "4.17.21"
  resolved "https://registry.npm.taobao.org/lodash/download/lodash-4.17.21.tgz#679591c564c3bffaae8454cf0b3df370c3d6911c"
  integrity sha1-Z5WRxWTDv/quhFTPCz3zcMPWkRw=

loose-envify@^1.0.0, loose-envify@^1.4.0:
  version "1.4.0"
  resolved "https://registry.nlark.com/loose-envify/download/loose-envify-1.4.0.tgz#71ee51fa7be4caec1a63839f7e682d8132d30caf"
  integrity sha1-ce5R+nvkyuwaY4OffmgtgTLTDK8=
  dependencies:
    js-tokens "^3.0.0 || ^4.0.0"

lru-cache@^4.1.5:
  version "4.1.5"
  resolved "https://registry.nlark.com/lru-cache/download/lru-cache-4.1.5.tgz#8bbe50ea85bed59bc9e33dcab8235ee9bcf443cd"
  integrity sha1-i75Q6oW+1ZvJ4z3KuCNe6bz0Q80=
  dependencies:
    pseudomap "^1.0.2"
    yallist "^2.1.2"

material-colors@^1.2.1:
  version "1.2.6"
  resolved "https://registry.npm.taobao.org/material-colors/download/material-colors-1.2.6.tgz#6d1958871126992ceecc72f4bcc4d8f010865f46"
  integrity sha1-bRlYhxEmmSzuzHL0vMTY8BCGX0Y=

minimatch@^3.0.4:
  version "3.0.4"
  resolved "https://registry.nlark.com/minimatch/download/minimatch-3.0.4.tgz#5166e286457f03306064be5497e8dbb0c3d32083"
  integrity sha1-UWbihkV/AzBgZL5Ul+jbsMPTIIM=
  dependencies:
    brace-expansion "^1.1.7"

moment@^2.24.0, moment@^2.25.3:
  version "2.29.1"
  resolved "https://registry.nlark.com/moment/download/moment-2.29.1.tgz#b2be769fa31940be9eeea6469c075e35006fa3d3"
  integrity sha1-sr52n6MZQL6e7qZGnAdeNQBvo9M=

nopt@^5.0.0:
  version "5.0.0"
  resolved "https://registry.nlark.com/nopt/download/nopt-5.0.0.tgz?cache=0&sync_timestamp=1624607881839&other_urls=https%3A%2F%2Fregistry.nlark.com%2Fnopt%2Fdownload%2Fnopt-5.0.0.tgz#530942bb58a512fccafe53fe210f13a25355dc88"
  integrity sha1-UwlCu1ilEvzK/lP+IQ8TolNV3Ig=
  dependencies:
    abbrev "1"

object-assign@^4.1.1:
  version "4.1.1"
  resolved "https://registry.nlark.com/object-assign/download/object-assign-4.1.1.tgz#2109adc7965887cfc05cbbd442cac8bfbb360863"
  integrity sha1-IQmtx5ZYh8/AXLvUQsrIv7s2CGM=

once@^1.3.0:
  version "1.4.0"
  resolved "https://registry.nlark.com/once/download/once-1.4.0.tgz#583b1aa775961d4b113ac17d9c50baef9dd76bd1"
  integrity sha1-WDsap3WWHUsROsF9nFC6753Xa9E=
  dependencies:
    wrappy "1"

path-is-absolute@^1.0.0:
  version "1.0.1"
  resolved "https://registry.nlark.com/path-is-absolute/download/path-is-absolute-1.0.1.tgz#174b9268735534ffbc7ace6bf53a5a9e1b5c5f5f"
  integrity sha1-F0uSaHNVNP+8es5r9TpanhtcX18=

prop-types@^15.5.10, prop-types@^15.5.8, prop-types@^15.7.2:
  version "15.7.2"
  resolved "https://registry.nlark.com/prop-types/download/prop-types-15.7.2.tgz#52c41e75b8c87e72b9d9360e0206b99dcbffa6c5"
  integrity sha1-UsQedbjIfnK52TYOAga5ncv/psU=
  dependencies:
    loose-envify "^1.4.0"
    object-assign "^4.1.1"
    react-is "^16.8.1"

proto-list@~1.2.1:
  version "1.2.4"
  resolved "https://registry.nlark.com/proto-list/download/proto-list-1.2.4.tgz#212d5bfe1318306a420f6402b8e26ff39647a849"
  integrity sha1-IS1b/hMYMGpCD2QCuOJv85ZHqEk=

pseudomap@^1.0.2:
  version "1.0.2"
  resolved "https://registry.nlark.com/pseudomap/download/pseudomap-1.0.2.tgz#f052a28da70e618917ef0a8ac34c1ae5a68286b3"
  integrity sha1-8FKijacOYYkX7wqKw0wa5aaChrM=

rc-align@^4.0.0:
  version "4.0.11"
  resolved "https://registry.nlark.com/rc-align/download/rc-align-4.0.11.tgz#8198c62db266bc1b8ef05e56c13275bf72628a5e"
  integrity sha1-gZjGLbJmvBuO8F5WwTJ1v3Jiil4=
  dependencies:
    "@babel/runtime" "^7.10.1"
    classnames "2.x"
    dom-align "^1.7.0"
    lodash "^4.17.21"
    rc-util "^5.3.0"
    resize-observer-polyfill "^1.5.1"

rc-cascader@~1.4.0:
  version "1.4.3"
  resolved "https://registry.nlark.com/rc-cascader/download/rc-cascader-1.4.3.tgz#d91b0dcf8157b60ebe9ec3e58b4db054d5299464"
  integrity sha1-2RsNz4FXtg6+nsPli02wVNUplGQ=
  dependencies:
    "@babel/runtime" "^7.12.5"
    array-tree-filter "^2.1.0"
    rc-trigger "^5.0.4"
    rc-util "^5.0.1"
    warning "^4.0.1"

rc-checkbox@~2.3.0:
  version "2.3.2"
  resolved "https://registry.nlark.com/rc-checkbox/download/rc-checkbox-2.3.2.tgz#f91b3678c7edb2baa8121c9483c664fa6f0aefc1"
  integrity sha1-+Rs2eMftsrqoEhyUg8Zk+m8K78E=
  dependencies:
    "@babel/runtime" "^7.10.1"
    classnames "^2.2.1"

rc-collapse@~3.1.0:
  version "3.1.2"
  resolved "https://registry.nlark.com/rc-collapse/download/rc-collapse-3.1.2.tgz?cache=0&sync_timestamp=1630552186473&other_urls=https%3A%2F%2Fregistry.nlark.com%2Frc-collapse%2Fdownload%2Frc-collapse-3.1.2.tgz#76028a811b845d03d9460ccc409c7ea8ad09db14"
  integrity sha1-dgKKgRuEXQPZRgzMQJx+qK0J2xQ=
  dependencies:
    "@babel/runtime" "^7.10.1"
    classnames "2.x"
    rc-motion "^2.3.4"
    rc-util "^5.2.1"
    shallowequal "^1.1.0"

rc-dialog@~8.6.0:
  version "8.6.0"
  resolved "https://registry.nlark.com/rc-dialog/download/rc-dialog-8.6.0.tgz?cache=0&sync_timestamp=1627273146390&other_urls=https%3A%2F%2Fregistry.nlark.com%2Frc-dialog%2Fdownload%2Frc-dialog-8.6.0.tgz#3b228dac085de5eed8c6237f31162104687442e7"
  integrity sha1-OyKNrAhd5e7YxiN/MRYhBGh0Quc=
  dependencies:
    "@babel/runtime" "^7.10.1"
    classnames "^2.2.6"
    rc-motion "^2.3.0"
    rc-util "^5.6.1"

rc-drawer@~4.3.0:
  version "4.3.1"
  resolved "https://registry.nlark.com/rc-drawer/download/rc-drawer-4.3.1.tgz?cache=0&sync_timestamp=1630559984502&other_urls=https%3A%2F%2Fregistry.nlark.com%2Frc-drawer%2Fdownload%2Frc-drawer-4.3.1.tgz#356333a7af01b777abd685c96c2ce62efb44f3f3"
  integrity sha1-NWMzp68Bt3er1oXJbCzmLvtE8/M=
  dependencies:
    "@babel/runtime" "^7.10.1"
    classnames "^2.2.6"
    rc-util "^5.7.0"

rc-dropdown@^3.2.0, rc-dropdown@~3.2.0:
  version "3.2.0"
  resolved "https://registry.nlark.com/rc-dropdown/download/rc-dropdown-3.2.0.tgz#da6c2ada403842baee3a9e909a0b1a91ba3e1090"
  integrity sha1-2mwq2kA4QrruOp6Qmgsakbo+EJA=
  dependencies:
    "@babel/runtime" "^7.10.1"
    classnames "^2.2.6"
    rc-trigger "^5.0.4"

rc-field-form@~1.20.0:
  version "1.20.1"
  resolved "https://registry.nlark.com/rc-field-form/download/rc-field-form-1.20.1.tgz?cache=0&other_urls=https%3A%2F%2Fregistry.nlark.com%2Frc-field-form%2Fdownload%2Frc-field-form-1.20.1.tgz#d1c51888107cf075b42704b7b575bef84c359291"
  integrity sha1-0cUYiBB88HW0JwS3tXW++Ew1kpE=
  dependencies:
    "@babel/runtime" "^7.8.4"
    async-validator "^3.0.3"
    rc-util "^5.8.0"

rc-image@~5.2.5:
  version "5.2.5"
  resolved "https://registry.nlark.com/rc-image/download/rc-image-5.2.5.tgz#44e6ffc842626827960e7ab72e1c0d6f3a8ce440"
  integrity sha1-ROb/yEJiaCeWDnq3LhwNbzqM5EA=
  dependencies:
    "@babel/runtime" "^7.11.2"
    classnames "^2.2.6"
    rc-dialog "~8.6.0"
    rc-util "^5.0.6"

rc-input-number@~7.1.0:
  version "7.1.4"
  resolved "https://registry.nlark.com/rc-input-number/download/rc-input-number-7.1.4.tgz?cache=0&sync_timestamp=1631779648506&other_urls=https%3A%2F%2Fregistry.nlark.com%2Frc-input-number%2Fdownload%2Frc-input-number-7.1.4.tgz#9d7410c91ff8dc6384d0233c20df278982989f9a"
  integrity sha1-nXQQyR/43GOE0CM8IN8niYKYn5o=
  dependencies:
    "@babel/runtime" "^7.10.1"
    classnames "^2.2.5"
    rc-util "^5.9.8"

rc-mentions@~1.6.1:
  version "1.6.1"
  resolved "https://registry.nlark.com/rc-mentions/download/rc-mentions-1.6.1.tgz#46035027d64aa33ef840ba0fbd411871e34617ae"
  integrity sha1-RgNQJ9ZKoz74QLoPvUEYceNGF64=
  dependencies:
    "@babel/runtime" "^7.10.1"
    classnames "^2.2.6"
    rc-menu "^9.0.0"
    rc-textarea "^0.3.0"
    rc-trigger "^5.0.4"
    rc-util "^5.0.1"

rc-menu@^9.0.0, rc-menu@~9.0.12:
  version "9.0.12"
  resolved "https://registry.nlark.com/rc-menu/download/rc-menu-9.0.12.tgz#492c4bb07a596e2ce07587c669b27ee28c3810c5"
  integrity sha1-SSxLsHpZbizgdYfGabJ+4ow4EMU=
  dependencies:
    "@babel/runtime" "^7.10.1"
    classnames "2.x"
    rc-motion "^2.4.3"
    rc-overflow "^1.2.0"
    rc-trigger "^5.1.2"
    rc-util "^5.12.0"
    shallowequal "^1.1.0"

rc-motion@^2.0.0, rc-motion@^2.0.1, rc-motion@^2.2.0, rc-motion@^2.3.0, rc-motion@^2.3.4, rc-motion@^2.4.0, rc-motion@^2.4.3:
  version "2.4.4"
  resolved "https://registry.nlark.com/rc-motion/download/rc-motion-2.4.4.tgz#e995d5fa24fc93065c24f714857cf2677d655bb0"
  integrity sha1-6ZXV+iT8kwZcJPcUhXzyZ31lW7A=
  dependencies:
    "@babel/runtime" "^7.11.1"
    classnames "^2.2.1"
    rc-util "^5.2.1"

rc-notification@~4.5.7:
  version "4.5.7"
  resolved "https://registry.nlark.com/rc-notification/download/rc-notification-4.5.7.tgz#265e6e6a0c1a0fac63d6abd4d832eb8ff31522f1"
  integrity sha1-Jl5uagwaD6xj1qvU2DLrj/MVIvE=
  dependencies:
    "@babel/runtime" "^7.10.1"
    classnames "2.x"
    rc-motion "^2.2.0"
    rc-util "^5.0.1"

rc-overflow@^1.0.0, rc-overflow@^1.2.0:
  version "1.2.2"
  resolved "https://registry.nlark.com/rc-overflow/download/rc-overflow-1.2.2.tgz#95b0222016c0cdbdc0db85f569c262e7706a5f22"
  integrity sha1-lbAiIBbAzb3A24X1acJi53BqXyI=
  dependencies:
    "@babel/runtime" "^7.11.1"
    classnames "^2.2.1"
    rc-resize-observer "^1.0.0"
    rc-util "^5.5.1"

rc-pagination@~3.1.9:
  version "3.1.9"
  resolved "https://registry.nlark.com/rc-pagination/download/rc-pagination-3.1.9.tgz?cache=0&other_urls=https%3A%2F%2Fregistry.nlark.com%2Frc-pagination%2Fdownload%2Frc-pagination-3.1.9.tgz#797ad75d85b1ef7a82801207ead410110337fdd6"
  integrity sha1-eXrXXYWx73qCgBIH6tQQEQM3/dY=
  dependencies:
    "@babel/runtime" "^7.10.1"
    classnames "^2.2.1"

rc-picker@~2.5.10:
  version "2.5.18"
  resolved "https://registry.nlark.com/rc-picker/download/rc-picker-2.5.18.tgz#f84859815ef3f874ade689714a41151e709292c3"
  integrity sha1-+EhZgV7z+HSt5olxSkEVHnCSksM=
  dependencies:
    "@babel/runtime" "^7.10.1"
    classnames "^2.2.1"
    date-fns "2.x"
    dayjs "1.x"
    moment "^2.24.0"
    rc-trigger "^5.0.4"
    rc-util "^5.4.0"
    shallowequal "^1.1.0"

rc-progress@~3.1.0:
  version "3.1.4"
  resolved "https://registry.nlark.com/rc-progress/download/rc-progress-3.1.4.tgz#66040d0fae7d8ced2b38588378eccb2864bad615"
  integrity sha1-ZgQND659jO0rOFiDeOzLKGS61hU=
  dependencies:
    "@babel/runtime" "^7.10.1"
    classnames "^2.2.6"

rc-rate@~2.9.0:
  version "2.9.1"
  resolved "https://registry.nlark.com/rc-rate/download/rc-rate-2.9.1.tgz#e43cb95c4eb90a2c1e0b16ec6614d8c43530a731"
  integrity sha1-5Dy5XE65CiweCxbsZhTYxDUwpzE=
  dependencies:
    "@babel/runtime" "^7.10.1"
    classnames "^2.2.5"
    rc-util "^5.0.1"

rc-resize-observer@^1.0.0:
  version "1.0.1"
  resolved "https://registry.nlark.com/rc-resize-observer/download/rc-resize-observer-1.0.1.tgz?cache=0&other_urls=https%3A%2F%2Fregistry.nlark.com%2Frc-resize-observer%2Fdownload%2Frc-resize-observer-1.0.1.tgz#ccd0986543ff1bf49f8a581e8ac4bb714ed24dcd"
  integrity sha1-zNCYZUP/G/SfilgeisS7cU7STc0=
  dependencies:
    "@babel/runtime" "^7.10.1"
    classnames "^2.2.1"
    rc-util "^5.0.0"
    resize-observer-polyfill "^1.5.1"

rc-select@^12.0.0, rc-select@~12.1.6:
  version "12.1.13"
  resolved "https://registry.nlark.com/rc-select/download/rc-select-12.1.13.tgz#c33560ccb9339d30695b52458f55efc35af35273"
  integrity sha1-wzVgzLkznTBpW1JFj1Xvw1rzUnM=
  dependencies:
    "@babel/runtime" "^7.10.1"
    classnames "2.x"
    rc-motion "^2.0.1"
    rc-overflow "^1.0.0"
    rc-trigger "^5.0.4"
    rc-util "^5.9.8"
    rc-virtual-list "^3.2.0"

rc-slider@~9.7.1:
  version "9.7.2"
  resolved "https://registry.nlark.com/rc-slider/download/rc-slider-9.7.2.tgz#282f571f7582752ebaa33964e441184f4e79ad74"
  integrity sha1-KC9XH3WCdS66ozlk5EEYT055rXQ=
  dependencies:
    "@babel/runtime" "^7.10.1"
    classnames "^2.2.5"
    rc-tooltip "^5.0.1"
    rc-util "^5.0.0"
    shallowequal "^1.1.0"

rc-steps@~4.1.0:
  version "4.1.3"
  resolved "https://registry.nlark.com/rc-steps/download/rc-steps-4.1.3.tgz#208580e22db619e3830ddb7fa41bc886c65d9803"
  integrity sha1-IIWA4i22GeODDdt/pBvIhsZdmAM=
  dependencies:
    "@babel/runtime" "^7.10.2"
    classnames "^2.2.3"
    rc-util "^5.0.1"

rc-switch@~3.2.0:
  version "3.2.2"
  resolved "https://registry.nlark.com/rc-switch/download/rc-switch-3.2.2.tgz#d001f77f12664d52595b4f6fb425dd9e66fba8e8"
  integrity sha1-0AH3fxJmTVJZW09vtCXdnmb7qOg=
  dependencies:
    "@babel/runtime" "^7.10.1"
    classnames "^2.2.1"
    rc-util "^5.0.1"

rc-table@~7.15.1:
  version "7.15.2"
  resolved "https://registry.nlark.com/rc-table/download/rc-table-7.15.2.tgz?cache=0&sync_timestamp=1631688982918&other_urls=https%3A%2F%2Fregistry.nlark.com%2Frc-table%2Fdownload%2Frc-table-7.15.2.tgz#f6ab73b2cfb1c76f3cf9682c855561423c6b5b22"
  integrity sha1-9qtzss+xx288+WgshVVhQjxrWyI=
  dependencies:
    "@babel/runtime" "^7.10.1"
    classnames "^2.2.5"
    rc-resize-observer "^1.0.0"
    rc-util "^5.13.0"
    shallowequal "^1.1.0"

rc-tabs@~11.10.0:
  version "11.10.1"
  resolved "https://registry.nlark.com/rc-tabs/download/rc-tabs-11.10.1.tgz?cache=0&sync_timestamp=1627529754953&other_urls=https%3A%2F%2Fregistry.nlark.com%2Frc-tabs%2Fdownload%2Frc-tabs-11.10.1.tgz#7b112f78bac998480c777ae160adc425e3fdb7cb"
  integrity sha1-exEveLrJmEgMd3rhYK3EJeP9t8s=
  dependencies:
    "@babel/runtime" "^7.11.2"
    classnames "2.x"
    rc-dropdown "^3.2.0"
    rc-menu "^9.0.0"
    rc-resize-observer "^1.0.0"
    rc-util "^5.5.0"

rc-textarea@^0.3.0, rc-textarea@~0.3.0:
  version "0.3.5"
  resolved "https://registry.nlark.com/rc-textarea/download/rc-textarea-0.3.5.tgz?cache=0&sync_timestamp=1629364963639&other_urls=https%3A%2F%2Fregistry.nlark.com%2Frc-textarea%2Fdownload%2Frc-textarea-0.3.5.tgz#07ed445dddb94e5ae6764676923a49bddad9b2ec"
  integrity sha1-B+1EXd25TlrmdkZ2kjpJvdrZsuw=
  dependencies:
    "@babel/runtime" "^7.10.1"
    classnames "^2.2.1"
    rc-resize-observer "^1.0.0"
    rc-util "^5.7.0"

rc-tooltip@^5.0.1, rc-tooltip@~5.1.1:
  version "5.1.1"
  resolved "https://registry.nlark.com/rc-tooltip/download/rc-tooltip-5.1.1.tgz#94178ed162d0252bc4993b725f5dc2ac0fccf154"
  integrity sha1-lBeO0WLQJSvEmTtyX13CrA/M8VQ=
  dependencies:
    "@babel/runtime" "^7.11.2"
    rc-trigger "^5.0.0"

rc-tree-select@~4.3.0:
  version "4.3.3"
  resolved "https://registry.nlark.com/rc-tree-select/download/rc-tree-select-4.3.3.tgz?cache=0&sync_timestamp=1631588798554&other_urls=https%3A%2F%2Fregistry.nlark.com%2Frc-tree-select%2Fdownload%2Frc-tree-select-4.3.3.tgz#28eba4d8a8dc8c0f9b61d83ce465842a6915eca4"
  integrity sha1-KOuk2KjcjA+bYdg85GWEKmkV7KQ=
  dependencies:
    "@babel/runtime" "^7.10.1"
    classnames "2.x"
    rc-select "^12.0.0"
    rc-tree "^4.0.0"
    rc-util "^5.0.5"

rc-tree@^4.0.0, rc-tree@~4.2.1:
  version "4.2.2"
  resolved "https://registry.nlark.com/rc-tree/download/rc-tree-4.2.2.tgz?cache=0&sync_timestamp=1630923510026&other_urls=https%3A%2F%2Fregistry.nlark.com%2Frc-tree%2Fdownload%2Frc-tree-4.2.2.tgz#4429187cbbfbecbe989714a607e3de8b3ab7763f"
  integrity sha1-RCkYfLv77L6YlxSmB+Peizq3dj8=
  dependencies:
    "@babel/runtime" "^7.10.1"
    classnames "2.x"
    rc-motion "^2.0.1"
    rc-util "^5.0.0"
    rc-virtual-list "^3.0.1"

rc-trigger@^5.0.0, rc-trigger@^5.0.4, rc-trigger@^5.1.2, rc-trigger@^5.2.10:
  version "5.2.10"
  resolved "https://registry.nlark.com/rc-trigger/download/rc-trigger-5.2.10.tgz#8a0057a940b1b9027eaa33beec8a6ecd85cce2b1"
  integrity sha1-igBXqUCxuQJ+qjO+7IpuzYXM4rE=
  dependencies:
    "@babel/runtime" "^7.11.2"
    classnames "^2.2.6"
    rc-align "^4.0.0"
    rc-motion "^2.0.0"
    rc-util "^5.5.0"

rc-upload@~4.3.0:
  version "4.3.1"
  resolved "https://registry.nlark.com/rc-upload/download/rc-upload-4.3.1.tgz#d6ee66b8bd1e1dd2f78526c486538423f7e7ed84"
  integrity sha1-1u5muL0eHdL3hSbEhlOEI/fn7YQ=
  dependencies:
    "@babel/runtime" "^7.10.1"
    classnames "^2.2.5"
    rc-util "^5.2.0"

rc-util@^5.0.0, rc-util@^5.0.1, rc-util@^5.0.5, rc-util@^5.0.6, rc-util@^5.0.7, rc-util@^5.12.0, rc-util@^5.13.0, rc-util@^5.13.1, rc-util@^5.2.0, rc-util@^5.2.1, rc-util@^5.3.0, rc-util@^5.4.0, rc-util@^5.5.0, rc-util@^5.5.1, rc-util@^5.6.1, rc-util@^5.7.0, rc-util@^5.8.0, rc-util@^5.9.4, rc-util@^5.9.8:
  version "5.14.0"
  resolved "https://registry.nlark.com/rc-util/download/rc-util-5.14.0.tgz#52c650e27570c2c47f7936c7d32eaec5212492a8"
  integrity sha1-UsZQ4nVwwsR/eTbH0y6uxSEkkqg=
  dependencies:
    "@babel/runtime" "^7.12.5"
    react-is "^16.12.0"
    shallowequal "^1.1.0"

rc-virtual-list@^3.0.1, rc-virtual-list@^3.2.0:
  version "3.4.1"
  resolved "https://registry.nlark.com/rc-virtual-list/download/rc-virtual-list-3.4.1.tgz?cache=0&sync_timestamp=1630653500820&other_urls=https%3A%2F%2Fregistry.nlark.com%2Frc-virtual-list%2Fdownload%2Frc-virtual-list-3.4.1.tgz#1f3b41391acf033a6c7e84c2f4e8a4ee0dc72807"
  integrity sha1-HztBORrPAzpsfoTC9Oik7g3HKAc=
  dependencies:
    classnames "^2.2.6"
    rc-resize-observer "^1.0.0"
    rc-util "^5.0.7"

react-ace@7.0.5:
  version "7.0.5"
  resolved "https://registry.nlark.com/react-ace/download/react-ace-7.0.5.tgz#798299fd52ddf3a3dcc92afc5865538463544f01"
  integrity sha1-eYKZ/VLd86PcySr8WGVThGNUTwE=
  dependencies:
    brace "^0.11.1"
    diff-match-patch "^1.0.4"
    lodash.get "^4.4.2"
    lodash.isequal "^4.5.0"
    prop-types "^15.7.2"

react-color@^2.19.3:
  version "2.19.3"
  resolved "https://registry.npm.taobao.org/react-color/download/react-color-2.19.3.tgz#ec6c6b4568312a3c6a18420ab0472e146aa5683d"
  integrity sha1-7GxrRWgxKjxqGEIKsEcuFGqlaD0=
  dependencies:
    "@icons/material" "^0.2.4"
    lodash "^4.17.15"
    lodash-es "^4.17.15"
    material-colors "^1.2.1"
    prop-types "^15.5.10"
    reactcss "^1.2.0"
    tinycolor2 "^1.4.1"

react-copy-to-clipboard@^5.0.4:
  version "5.0.4"
  resolved "https://registry.nlark.com/react-copy-to-clipboard/download/react-copy-to-clipboard-5.0.4.tgz#42ec519b03eb9413b118af92d1780c403a5f19bf"
  integrity sha1-QuxRmwPrlBOxGK+S0XgMQDpfGb8=
  dependencies:
    copy-to-clipboard "^3"
    prop-types "^15.5.8"

react-is@^16.12.0, react-is@^16.8.1:
  version "16.13.1"
  resolved "https://registry.nlark.com/react-is/download/react-is-16.13.1.tgz?cache=0&sync_timestamp=1631895385110&other_urls=https%3A%2F%2Fregistry.nlark.com%2Freact-is%2Fdownload%2Freact-is-16.13.1.tgz#789729a4dc36de2999dc156dd6c1d9c18cea56a4"
  integrity sha1-eJcppNw23imZ3BVt1sHZwYzqVqQ=

react-linear-gradient-picker@^2.0.0:
  version "2.0.0"
  resolved "https://registry.nlark.com/react-linear-gradient-picker/download/react-linear-gradient-picker-2.0.0.tgz#507784f2215cdcb761bf62b7121e8e7bd31639f7"
  integrity sha1-UHeE8iFc3Ldhv2K3Eh6Oe9MWOfc=
  dependencies:
    linear-gradient-parser "^1.1.8"

reactcss@^1.2.0:
  version "1.2.3"
  resolved "https://registry.nlark.com/reactcss/download/reactcss-1.2.3.tgz#c00013875e557b1cf0dfd9a368a1c3dab3b548dd"
  integrity sha1-wAATh15Vexzw39mjaKHD2rO1SN0=
  dependencies:
    lodash "^4.0.1"

regenerator-runtime@^0.13.4:
  version "0.13.9"
  resolved "https://registry.nlark.com/regenerator-runtime/download/regenerator-runtime-0.13.9.tgz#8925742a98ffd90814988d7566ad30ca3b263b52"
  integrity sha1-iSV0Kpj/2QgUmI11Zq0wyjsmO1I=

resize-observer-polyfill@^1.5.0, resize-observer-polyfill@^1.5.1:
  version "1.5.1"
  resolved "https://registry.nlark.com/resize-observer-polyfill/download/resize-observer-polyfill-1.5.1.tgz?cache=0&sync_timestamp=1618847256390&other_urls=https%3A%2F%2Fregistry.nlark.com%2Fresize-observer-polyfill%2Fdownload%2Fresize-observer-polyfill-1.5.1.tgz#0e9020dd3d21024458d4ebd27e23e40269810464"
  integrity sha1-DpAg3T0hAkRY1OvSfiPkAmmBBGQ=

scroll-into-view-if-needed@^2.2.25:
  version "2.2.28"
  resolved "https://registry.nlark.com/scroll-into-view-if-needed/download/scroll-into-view-if-needed-2.2.28.tgz#5a15b2f58a52642c88c8eca584644e01703d645a"
  integrity sha1-WhWy9YpSZCyIyOylhGROAXA9ZFo=
  dependencies:
    compute-scroll-into-view "^1.0.17"

semver@^5.6.0:
  version "5.7.1"
  resolved "https://registry.nlark.com/semver/download/semver-5.7.1.tgz#a954f931aeba508d307bbf069eff0c01c96116f7"
  integrity sha1-qVT5Ma66UI0we78Gnv8MAclhFvc=

shallowequal@^1.1.0:
  version "1.1.0"
  resolved "https://registry.npm.taobao.org/shallowequal/download/shallowequal-1.1.0.tgz#188d521de95b9087404fd4dcb68b13df0ae4e7f8"
  integrity sha1-GI1SHelbkIdAT9TctosT3wrk5/g=

sigmund@^1.0.1:
  version "1.0.1"
  resolved "https://registry.npm.taobao.org/sigmund/download/sigmund-1.0.1.tgz#3ff21f198cad2175f9f3b781853fd94d0d19b590"
  integrity sha1-P/IfGYytIXX587eBhT/ZTQ0ZtZA=

string-convert@^0.2.0:
  version "0.2.1"
  resolved "https://registry.nlark.com/string-convert/download/string-convert-0.2.1.tgz#6982cc3049fbb4cd85f8b24568b9d9bf39eeff97"
  integrity sha1-aYLMMEn7tM2F+LJFaLnZvznu/5c=

tinycolor2@^1.4.1:
  version "1.4.2"
  resolved "https://registry.nlark.com/tinycolor2/download/tinycolor2-1.4.2.tgz#3f6a4d1071ad07676d7fa472e1fac40a719d8803"
  integrity sha1-P2pNEHGtB2dtf6Ry4frECnGdiAM=

toggle-selection@^1.0.6:
  version "1.0.6"
  resolved "https://registry.nlark.com/toggle-selection/download/toggle-selection-1.0.6.tgz#6e45b1263f2017fa0acc7d89d78b15b8bf77da32"
  integrity sha1-bkWxJj8gF/oKzH2J14sVuL932jI=

warning@^4.0.1:
  version "4.0.3"
  resolved "https://registry.nlark.com/warning/download/warning-4.0.3.tgz#16e9e077eb8a86d6af7d64aa1e05fd85b4678ca3"
  integrity sha1-Fungd+uKhtavfWSqHgX9hbRnjKM=
  dependencies:
    loose-envify "^1.0.0"

wrappy@1:
  version "1.0.2"
  resolved "https://registry.nlark.com/wrappy/download/wrappy-1.0.2.tgz#b5243d8f3ec1aa35f1364605bc0d1036e30ab69f"
  integrity sha1-tSQ9jz7BqjXxNkYFvA0QNuMKtp8=

yallist@^2.1.2:
  version "2.1.2"
  resolved "https://registry.nlark.com/yallist/download/yallist-2.1.2.tgz#1c11f9218f076089a47dd512f93c6699a6a81d52"
  integrity sha1-HBH5IY8HYImkfdUS+TxmmaaoHVI=

zrender@4.3.2:
  version "4.3.2"
  resolved "https://registry.nlark.com/zrender/download/zrender-4.3.2.tgz#ec7432f9415c82c73584b6b7b8c47e1b016209c6"
  integrity sha1-7HQy+UFcgsc1hLa3uMR+GwFiCcY=
